PODS:
  - client_information (1.0.0):
    - Flutter
    - SAMKeychain
  - device_info_plus (0.0.1):
    - Flutter
  - DKImagePickerController/Core (4.3.4):
    - DKImagePickerController/ImageDataManager
    - DKImagePickerController/Resource
  - DKImagePickerController/ImageDataManager (4.3.4)
  - DKImagePickerController/PhotoGallery (4.3.4):
    - DKImagePickerController/Core
    - DKPhotoGallery
  - DKImagePickerController/Resource (4.3.4)
  - DKPhotoGallery (0.0.17):
    - DKPhotoGallery/Core (= 0.0.17)
    - DKPhotoGallery/Model (= 0.0.17)
    - DKPhotoGallery/Preview (= 0.0.17)
    - DKPhotoGallery/Resource (= 0.0.17)
    - SDWebImage
    - SwiftyGif
  - DKPhotoGallery/Core (0.0.17):
    - DKPhotoGallery/Model
    - DKPhotoGallery/Preview
    - SDWebImage
    - SwiftyGif
  - DKPhotoGallery/Model (0.0.17):
    - SDWebImage
    - SwiftyGif
  - DKPhotoGallery/Preview (0.0.17):
    - DKPhotoGallery/Model
    - DKPhotoGallery/Resource
    - SDWebImage
    - SwiftyGif
  - DKPhotoGallery/Resource (0.0.17):
    - SDWebImage
    - SwiftyGif
  - file_picker (0.0.1):
    - DKImagePickerController/PhotoGallery
    - Flutter
  - Flutter (1.0.0)
  - geolocator_apple (1.2.0):
    - Flutter
  - JNKeychain (0.1.4)
  - mobile_device_identifier (0.0.1):
    - Flutter
    - JNKeychain
  - path_provider_foundation (0.0.1):
    - Flutter
    - FlutterMacOS
  - permission_handler_apple (9.1.1):
    - Flutter
  - SAMKeychain (1.5.3)
  - SDWebImage (5.16.0):
    - SDWebImage/Core (= 5.16.0)
  - SDWebImage/Core (5.16.0)
  - smart_auth (0.0.1):
    - Flutter
  - SwiftyGif (5.4.4)
  - video_player_avfoundation (0.0.1):
    - Flutter

DEPENDENCIES:
  - client_information (from `.symlinks/plugins/client_information/ios`)
  - device_info_plus (from `.symlinks/plugins/device_info_plus/ios`)
  - file_picker (from `.symlinks/plugins/file_picker/ios`)
  - Flutter (from `Flutter`)
  - geolocator_apple (from `.symlinks/plugins/geolocator_apple/ios`)
  - mobile_device_identifier (from `.symlinks/plugins/mobile_device_identifier/ios`)
  - path_provider_foundation (from `.symlinks/plugins/path_provider_foundation/darwin`)
  - permission_handler_apple (from `.symlinks/plugins/permission_handler_apple/ios`)
  - smart_auth (from `.symlinks/plugins/smart_auth/ios`)
  - video_player_avfoundation (from `.symlinks/plugins/video_player_avfoundation/ios`)

SPEC REPOS:
  trunk:
    - DKImagePickerController
    - DKPhotoGallery
    - JNKeychain
    - SAMKeychain
    - SDWebImage
    - SwiftyGif

EXTERNAL SOURCES:
  client_information:
    :path: ".symlinks/plugins/client_information/ios"
  device_info_plus:
    :path: ".symlinks/plugins/device_info_plus/ios"
  file_picker:
    :path: ".symlinks/plugins/file_picker/ios"
  Flutter:
    :path: Flutter
  geolocator_apple:
    :path: ".symlinks/plugins/geolocator_apple/ios"
  mobile_device_identifier:
    :path: ".symlinks/plugins/mobile_device_identifier/ios"
  path_provider_foundation:
    :path: ".symlinks/plugins/path_provider_foundation/darwin"
  permission_handler_apple:
    :path: ".symlinks/plugins/permission_handler_apple/ios"
  smart_auth:
    :path: ".symlinks/plugins/smart_auth/ios"
  video_player_avfoundation:
    :path: ".symlinks/plugins/video_player_avfoundation/ios"

SPEC CHECKSUMS:
  client_information: cd2088b683015ea782082d6562d17e0320ae7097
  device_info_plus: 7545d84d8d1b896cb16a4ff98c19f07ec4b298ea
  DKImagePickerController: b512c28220a2b8ac7419f21c491fc8534b7601ac
  DKPhotoGallery: fdfad5125a9fdda9cc57df834d49df790dbb4179
  file_picker: ce3938a0df3cc1ef404671531facef740d03f920
  Flutter: f04841e97a9d0b0a8025694d0796dd46242b2854
  geolocator_apple: cc556e6844d508c95df1e87e3ea6fa4e58c50401
  JNKeychain: fb6cc9ec95959ba46cd95d0ee6f7a05e41da9f42
  mobile_device_identifier: 34f80c8985bb1506880c2ae10cb24cfb9918f1a7
  path_provider_foundation: 29f094ae23ebbca9d3d0cec13889cd9060c0e943
  permission_handler_apple: e76247795d700c14ea09e3a2d8855d41ee80a2e6
  SAMKeychain: 483e1c9f32984d50ca961e26818a534283b4cd5c
  SDWebImage: 2aea163b50bfcb569a2726b6a754c54a4506fcf6
  smart_auth: 4bedbc118723912d0e45a07e8ab34039c19e04f2
  SwiftyGif: 93a1cc87bf3a51916001cf8f3d63835fb64c819f
  video_player_avfoundation: 81e49bb3d9fb63dccf9fa0f6d877dc3ddbeac126

PODFILE CHECKSUM: 70d9d25280d0dd177a5f637cdb0f0b0b12c6a189

COCOAPODS: 1.12.1
